
Microsoft Visual Studio Solution File, Format Version 12.00
# Visual Studio Version 17
VisualStudioVersion = 17.3.32804.467
MinimumVisualStudioVersion = 10.0.40219.1
Project("{FAE04EC0-301F-11D3-BF4B-00C04F79EFBC}") = "DBInventarioCRUD", "DBInventarioCRUD\DBInventarioCRUD.csproj", "{30D9602E-17EF-4617-8BDB-DA6DA8BD85C1}"
EndProject
Global
	GlobalSection(SolutionConfigurationPlatforms) = preSolution
		Debug|Any CPU = Debug|Any CPU
		Release|Any CPU = Release|Any CPU
	EndGlobalSection
	GlobalSection(ProjectConfigurationPlatforms) = postSolution
		{30D9602E-17EF-4617-8BDB-DA6DA8BD85C1}.Debug|Any CPU.ActiveCfg = Debug|Any CPU
		{30D9602E-17EF-4617-8BDB-DA6DA8BD85C1}.Debug|Any CPU.Build.0 = Debug|Any CPU
		{30D9602E-17EF-4617-8BDB-DA6DA8BD85C1}.Release|Any CPU.ActiveCfg = Release|Any CPU
		{30D9602E-17EF-4617-8BDB-DA6DA8BD85C1}.Release|Any CPU.Build.0 = Release|Any CPU
	EndGlobalSection
	GlobalSection(SolutionProperties) = preSolution
		HideSolutionNode = FALSE
	EndGlobalSection
	GlobalSection(ExtensibilityGlobals) = postSolution
		SolutionGuid = {7F84A73D-87DB-4E5F-B819-0C3EC1EFDFE6}
	EndGlobalSection
EndGlobal
